
Microsoft Visual Studio Solution File, Format Version 12.00
# Visual Studio Version 16
VisualStudioVersion = 16.0.30320.27
MinimumVisualStudioVersion = 10.0.40219.1
Project("{9A19103F-16F7-4668-BE54-9A1E7A4F7556}") = "CoSoDuLieuKhoaHoc", "CoSoDuLieuKhoaHoc\CoSoDuLieuKhoaHoc.csproj", "{C7D88A56-1C4D-4341-AA2F-90AEE61287B4}"
EndProject
Global
	GlobalSection(SolutionConfigurationPlatforms) = preSolution
		Debug|Any CPU = Debug|Any CPU
		Release|Any CPU = Release|Any CPU
	EndGlobalSection
	GlobalSection(ProjectConfigurationPlatforms) = postSolution
		{C7D88A56-1C4D-4341-AA2F-90AEE61287B4}.Debug|Any CPU.ActiveCfg = Debug|Any CPU
		{C7D88A56-1C4D-4341-AA2F-90AEE61287B4}.Debug|Any CPU.Build.0 = Debug|Any CPU
		{C7D88A56-1C4D-4341-AA2F-90AEE61287B4}.Release|Any CPU.ActiveCfg = Release|Any CPU
		{C7D88A56-1C4D-4341-AA2F-90AEE61287B4}.Release|Any CPU.Build.0 = Release|Any CPU
	EndGlobalSection
	GlobalSection(SolutionProperties) = preSolution
		HideSolutionNode = FALSE
	EndGlobalSection
	GlobalSection(ExtensibilityGlobals) = postSolution
		SolutionGuid = {26A53398-A7B9-4605-84E7-D45174341AC9}
	EndGlobalSection
EndGlobal
